
Microsoft Visual Studio Solution File, Format Version 12.00
# Visual Studio Version 16
VisualStudioVersion = 16.0.29728.190
MinimumVisualStudioVersion = 10.0.40219.1
Project("{FAE04EC0-301F-11D3-BF4B-00C04F79EFBC}") = "RedisMongoApp", "RedisMongoApp\RedisMongoApp.csproj", "{31668603-C61D-4685-8DD5-E08AC4FC6E2B}"
EndProject
Project("{FAE04EC0-301F-11D3-BF4B-00C04F79EFBC}") = "Model", "Model\Model.csproj", "{60882078-F463-47A8-A1E2-0A63930C8E63}"
EndProject
Project("{FAE04EC0-301F-11D3-BF4B-00C04F79EFBC}") = "Repository", "Repository\Repository.csproj", "{245FD1F3-3ED0-41DD-AACE-375312BF3888}"
EndProject
Project("{FAE04EC0-301F-11D3-BF4B-00C04F79EFBC}") = "HangFireConsole", "HangFireConsole\HangFireConsole.csproj", "{CA2C1FBF-C48D-46C1-A90D-453CEB1C4DC7}"
EndProject
Global
	GlobalSection(SolutionConfigurationPlatforms) = preSolution
		Debug|Any CPU = Debug|Any CPU
		Release|Any CPU = Release|Any CPU
	EndGlobalSection
	GlobalSection(ProjectConfigurationPlatforms) = postSolution
		{31668603-C61D-4685-8DD5-E08AC4FC6E2B}.Debug|Any CPU.ActiveCfg = Debug|Any CPU
		{31668603-C61D-4685-8DD5-E08AC4FC6E2B}.Debug|Any CPU.Build.0 = Debug|Any CPU
		{31668603-C61D-4685-8DD5-E08AC4FC6E2B}.Release|Any CPU.ActiveCfg = Release|Any CPU
		{31668603-C61D-4685-8DD5-E08AC4FC6E2B}.Release|Any CPU.Build.0 = Release|Any CPU
		{60882078-F463-47A8-A1E2-0A63930C8E63}.Debug|Any CPU.ActiveCfg = Debug|Any CPU
		{60882078-F463-47A8-A1E2-0A63930C8E63}.Debug|Any CPU.Build.0 = Debug|Any CPU
		{60882078-F463-47A8-A1E2-0A63930C8E63}.Release|Any CPU.ActiveCfg = Release|Any CPU
		{60882078-F463-47A8-A1E2-0A63930C8E63}.Release|Any CPU.Build.0 = Release|Any CPU
		{245FD1F3-3ED0-41DD-AACE-375312BF3888}.Debug|Any CPU.ActiveCfg = Debug|Any CPU
		{245FD1F3-3ED0-41DD-AACE-375312BF3888}.Debug|Any CPU.Build.0 = Debug|Any CPU
		{245FD1F3-3ED0-41DD-AACE-375312BF3888}.Release|Any CPU.ActiveCfg = Release|Any CPU
		{245FD1F3-3ED0-41DD-AACE-375312BF3888}.Release|Any CPU.Build.0 = Release|Any CPU
		{CA2C1FBF-C48D-46C1-A90D-453CEB1C4DC7}.Debug|Any CPU.ActiveCfg = Debug|Any CPU
		{CA2C1FBF-C48D-46C1-A90D-453CEB1C4DC7}.Debug|Any CPU.Build.0 = Debug|Any CPU
		{CA2C1FBF-C48D-46C1-A90D-453CEB1C4DC7}.Release|Any CPU.ActiveCfg = Release|Any CPU
		{CA2C1FBF-C48D-46C1-A90D-453CEB1C4DC7}.Release|Any CPU.Build.0 = Release|Any CPU
	EndGlobalSection
	GlobalSection(SolutionProperties) = preSolution
		HideSolutionNode = FALSE
	EndGlobalSection
	GlobalSection(ExtensibilityGlobals) = postSolution
		SolutionGuid = {37D7199A-1CFB-4D69-9300-FB9B9CD3BE2E}
	EndGlobalSection
EndGlobal
